
Microsoft Visual Studio Solution File, Format Version 12.00
# Visual Studio Version 17
VisualStudioVersion = 17.14.36511.14 d17.14
MinimumVisualStudioVersion = 10.0.40219.1
Project("{FAE04EC0-301F-11D3-BF4B-00C04F79EFBC}") = "Proyecto Unidad 1 Programacion Visual", "Proyecto Unidad 1 Programacion Visual.csproj", "{AAC2B01A-DDA5-430F-ACCC-2C387C2A9692}"
EndProject
Global
	GlobalSection(SolutionConfigurationPlatforms) = preSolution
		Debug|Any CPU = Debug|Any CPU
		Release|Any CPU = Release|Any CPU
	EndGlobalSection
	GlobalSection(ProjectConfigurationPlatforms) = postSolution
		{AAC2B01A-DDA5-430F-ACCC-2C387C2A9692}.Debug|Any CPU.ActiveCfg = Debug|Any CPU
		{AAC2B01A-DDA5-430F-ACCC-2C387C2A9692}.Debug|Any CPU.Build.0 = Debug|Any CPU
		{AAC2B01A-DDA5-430F-ACCC-2C387C2A9692}.Release|Any CPU.ActiveCfg = Release|Any CPU
		{AAC2B01A-DDA5-430F-ACCC-2C387C2A9692}.Release|Any CPU.Build.0 = Release|Any CPU
	EndGlobalSection
	GlobalSection(SolutionProperties) = preSolution
		HideSolutionNode = FALSE
	EndGlobalSection
	GlobalSection(ExtensibilityGlobals) = postSolution
		SolutionGuid = {920522D0-BE94-42B3-A283-599D2820BF51}
	EndGlobalSection
EndGlobal
